
Microsoft Visual Studio Solution File, Format Version 12.00
# Visual Studio Version 16
VisualStudioVersion = 16.0.32106.194
MinimumVisualStudioVersion = 10.0.40219.1
Project("{9A19103F-16F7-4668-BE54-9A1E7A4F7556}") = "VeloCity.Bootstrapper", "VeloCity.Bootstrapper\VeloCity.Bootstrapper.csproj", "{FED35DE4-65E2-4777-9B52-A21B0669A680}"
EndProject
Project("{9A19103F-16F7-4668-BE54-9A1E7A4F7556}") = "VeloCity.DataAccess", "VeloCity.DataAccess\VeloCity.DataAccess.csproj", "{9C38A3FB-5029-48F3-B13E-1CF8250DAF51}"
EndProject
Project("{9A19103F-16F7-4668-BE54-9A1E7A4F7556}") = "VeloCity.Domain", "VeloCity.Domain\VeloCity.Domain.csproj", "{00A95EAF-7616-4846-9198-7C811E49C7E3}"
EndProject
Project("{9A19103F-16F7-4668-BE54-9A1E7A4F7556}") = "VeloCity.Application", "VeloCity.Application\VeloCity.Application.csproj", "{259FA603-87B7-40D9-AFA0-6FAFB6CB39F4}"
EndProject
Project("{9A19103F-16F7-4668-BE54-9A1E7A4F7556}") = "VeloCity.DataAccess.JsonFiles", "VeloCity.DataAccess.JsonFiles\VeloCity.DataAccess.JsonFiles.csproj", "{E049FF0F-68F0-4990-A476-E71E35D6EFB6}"
EndProject
Project("{9A19103F-16F7-4668-BE54-9A1E7A4F7556}") = "VeloCity.Presentation", "VeloCity.Presentation\VeloCity.Presentation.csproj", "{C547CC4F-E4CD-4E2C-A9A6-CDC5CBCCEA15}"
EndProject
Project("{930C7802-8A8C-48F9-8165-68863BCCD9DD}") = "VeloCity.Installer", "VeloCity.Installer\VeloCity.Installer.wixproj", "{74D86E62-8460-46E9-AEC2-126F8C2285F8}"
	ProjectSection(ProjectDependencies) = postProject
		{FED35DE4-65E2-4777-9B52-A21B0669A680} = {FED35DE4-65E2-4777-9B52-A21B0669A680}
	EndProjectSection
EndProject
Project("{FAE04EC0-301F-11D3-BF4B-00C04F79EFBC}") = "VeloCity.Installer.CustomActions", "VeloCity.Installer.CustomActions\VeloCity.Installer.CustomActions.csproj", "{77BD3B4C-3C30-4E9E-B97C-D30B1A34209F}"
EndProject
Project("{FAE04EC0-301F-11D3-BF4B-00C04F79EFBC}") = "VeloCity.Installer.CustomActions.WinForms", "VeloCity.Installer.CustomActions.WinForms\VeloCity.Installer.CustomActions.WinForms.csproj", "{C741D70B-F96E-4888-8624-9B48C562A376}"
EndProject
Project("{2150E333-8FDC-42A3-9474-1A3956D46DE8}") = "Solution Items", "Solution Items", "{124DD8ED-0D48-48B5-8B59-0715B4152421}"
	ProjectSection(SolutionItems) = preProject
		AssemblyInfo.Shared.cs = AssemblyInfo.Shared.cs
		Directory.build.props = Directory.build.props
	EndProjectSection
EndProject
Global
	GlobalSection(SolutionConfigurationPlatforms) = preSolution
		Debug|Any CPU = Debug|Any CPU
		Debug-With-Installer|Any CPU = Debug-With-Installer|Any CPU
		Release|Any CPU = Release|Any CPU
	EndGlobalSection
	GlobalSection(ProjectConfigurationPlatforms) = postSolution
		{FED35DE4-65E2-4777-9B52-A21B0669A680}.Debug|Any CPU.ActiveCfg = Debug|Any CPU
		{FED35DE4-65E2-4777-9B52-A21B0669A680}.Debug|Any CPU.Build.0 = Debug|Any CPU
		{FED35DE4-65E2-4777-9B52-A21B0669A680}.Debug-With-Installer|Any CPU.ActiveCfg = Debug|Any CPU
		{FED35DE4-65E2-4777-9B52-A21B0669A680}.Debug-With-Installer|Any CPU.Build.0 = Debug|Any CPU
		{FED35DE4-65E2-4777-9B52-A21B0669A680}.Release|Any CPU.ActiveCfg = Release|Any CPU
		{FED35DE4-65E2-4777-9B52-A21B0669A680}.Release|Any CPU.Build.0 = Release|Any CPU
		{9C38A3FB-5029-48F3-B13E-1CF8250DAF51}.Debug|Any CPU.ActiveCfg = Debug|Any CPU
		{9C38A3FB-5029-48F3-B13E-1CF8250DAF51}.Debug|Any CPU.Build.0 = Debug|Any CPU
		{9C38A3FB-5029-48F3-B13E-1CF8250DAF51}.Debug-With-Installer|Any CPU.ActiveCfg = Debug|Any CPU
		{9C38A3FB-5029-48F3-B13E-1CF8250DAF51}.Debug-With-Installer|Any CPU.Build.0 = Debug|Any CPU
		{9C38A3FB-5029-48F3-B13E-1CF8250DAF51}.Release|Any CPU.ActiveCfg = Release|Any CPU
		{9C38A3FB-5029-48F3-B13E-1CF8250DAF51}.Release|Any CPU.Build.0 = Release|Any CPU
		{00A95EAF-7616-4846-9198-7C811E49C7E3}.Debug|Any CPU.ActiveCfg = Debug|Any CPU
		{00A95EAF-7616-4846-9198-7C811E49C7E3}.Debug|Any CPU.Build.0 = Debug|Any CPU
		{00A95EAF-7616-4846-9198-7C811E49C7E3}.Debug-With-Installer|Any CPU.ActiveCfg = Debug|Any CPU
		{00A95EAF-7616-4846-9198-7C811E49C7E3}.Debug-With-Installer|Any CPU.Build.0 = Debug|Any CPU
		{00A95EAF-7616-4846-9198-7C811E49C7E3}.Release|Any CPU.ActiveCfg = Release|Any CPU
		{00A95EAF-7616-4846-9198-7C811E49C7E3}.Release|Any CPU.Build.0 = Release|Any CPU
		{259FA603-87B7-40D9-AFA0-6FAFB6CB39F4}.Debug|Any CPU.ActiveCfg = Debug|Any CPU
		{259FA603-87B7-40D9-AFA0-6FAFB6CB39F4}.Debug|Any CPU.Build.0 = Debug|Any CPU
		{259FA603-87B7-40D9-AFA0-6FAFB6CB39F4}.Debug-With-Installer|Any CPU.ActiveCfg = Debug|Any CPU
		{259FA603-87B7-40D9-AFA0-6FAFB6CB39F4}.Debug-With-Installer|Any CPU.Build.0 = Debug|Any CPU
		{259FA603-87B7-40D9-AFA0-6FAFB6CB39F4}.Release|Any CPU.ActiveCfg = Release|Any CPU
		{259FA603-87B7-40D9-AFA0-6FAFB6CB39F4}.Release|Any CPU.Build.0 = Release|Any CPU
		{E049FF0F-68F0-4990-A476-E71E35D6EFB6}.Debug|Any CPU.ActiveCfg = Debug|Any CPU
		{E049FF0F-68F0-4990-A476-E71E35D6EFB6}.Debug|Any CPU.Build.0 = Debug|Any CPU
		{E049FF0F-68F0-4990-A476-E71E35D6EFB6}.Debug-With-Installer|Any CPU.ActiveCfg = Debug|Any CPU
		{E049FF0F-68F0-4990-A476-E71E35D6EFB6}.Debug-With-Installer|Any CPU.Build.0 = Debug|Any CPU
		{E049FF0F-68F0-4990-A476-E71E35D6EFB6}.Release|Any CPU.ActiveCfg = Release|Any CPU
		{E049FF0F-68F0-4990-A476-E71E35D6EFB6}.Release|Any CPU.Build.0 = Release|Any CPU
		{C547CC4F-E4CD-4E2C-A9A6-CDC5CBCCEA15}.Debug|Any CPU.ActiveCfg = Debug|Any CPU
		{C547CC4F-E4CD-4E2C-A9A6-CDC5CBCCEA15}.Debug|Any CPU.Build.0 = Debug|Any CPU
		{C547CC4F-E4CD-4E2C-A9A6-CDC5CBCCEA15}.Debug-With-Installer|Any CPU.ActiveCfg = Debug|Any CPU
		{C547CC4F-E4CD-4E2C-A9A6-CDC5CBCCEA15}.Debug-With-Installer|Any CPU.Build.0 = Debug|Any CPU
		{C547CC4F-E4CD-4E2C-A9A6-CDC5CBCCEA15}.Release|Any CPU.ActiveCfg = Release|Any CPU
		{C547CC4F-E4CD-4E2C-A9A6-CDC5CBCCEA15}.Release|Any CPU.Build.0 = Release|Any CPU
		{74D86E62-8460-46E9-AEC2-126F8C2285F8}.Debug|Any CPU.ActiveCfg = Debug|x86
		{74D86E62-8460-46E9-AEC2-126F8C2285F8}.Debug-With-Installer|Any CPU.ActiveCfg = Debug|x86
		{74D86E62-8460-46E9-AEC2-126F8C2285F8}.Debug-With-Installer|Any CPU.Build.0 = Debug|x86
		{74D86E62-8460-46E9-AEC2-126F8C2285F8}.Release|Any CPU.ActiveCfg = Release|x86
		{74D86E62-8460-46E9-AEC2-126F8C2285F8}.Release|Any CPU.Build.0 = Release|x86
		{77BD3B4C-3C30-4E9E-B97C-D30B1A34209F}.Debug|Any CPU.ActiveCfg = Debug|x86
		{77BD3B4C-3C30-4E9E-B97C-D30B1A34209F}.Debug-With-Installer|Any CPU.ActiveCfg = Debug|x86
		{77BD3B4C-3C30-4E9E-B97C-D30B1A34209F}.Debug-With-Installer|Any CPU.Build.0 = Debug|x86
		{77BD3B4C-3C30-4E9E-B97C-D30B1A34209F}.Release|Any CPU.ActiveCfg = Release|x86
		{77BD3B4C-3C30-4E9E-B97C-D30B1A34209F}.Release|Any CPU.Build.0 = Release|x86
		{C741D70B-F96E-4888-8624-9B48C562A376}.Debug|Any CPU.ActiveCfg = Debug|x86
		{C741D70B-F96E-4888-8624-9B48C562A376}.Debug-With-Installer|Any CPU.ActiveCfg = Debug|x86
		{C741D70B-F96E-4888-8624-9B48C562A376}.Debug-With-Installer|Any CPU.Build.0 = Debug|x86
		{C741D70B-F96E-4888-8624-9B48C562A376}.Release|Any CPU.ActiveCfg = Release|x86
		{C741D70B-F96E-4888-8624-9B48C562A376}.Release|Any CPU.Build.0 = Release|x86
	EndGlobalSection
	GlobalSection(SolutionProperties) = preSolution
		HideSolutionNode = FALSE
	EndGlobalSection
	GlobalSection(ExtensibilityGlobals) = postSolution
		SolutionGuid = {416DF04A-8ACB-461F-866E-98A0873E1E9F}
	EndGlobalSection
EndGlobal
